
Microsoft Visual Studio Solution File, Format Version 12.00
# Visual Studio Version 16
VisualStudioVersion = 16.0.30204.135
MinimumVisualStudioVersion = 10.0.40219.1
Project("{9A19103F-16F7-4668-BE54-9A1E7A4F7556}") = "EddysItHomepage.Server", "Server\EddysItHomepage.Server.csproj", "{A5A021B6-E680-46EA-A601-1271EB6D6B88}"
EndProject
Project("{9A19103F-16F7-4668-BE54-9A1E7A4F7556}") = "EddysItHomepage.Client", "Client\EddysItHomepage.Client.csproj", "{1CDE2378-184E-4353-BE6F-14E5BA7DFFCC}"
EndProject
Project("{9A19103F-16F7-4668-BE54-9A1E7A4F7556}") = "EddysItHomepage.Shared", "Shared\EddysItHomepage.Shared.csproj", "{3746D7D2-F60C-47AF-A0F7-091E753AF1F0}"
EndProject
Global
	GlobalSection(SolutionConfigurationPlatforms) = preSolution
		Debug|Any CPU = Debug|Any CPU
		Release|Any CPU = Release|Any CPU
	EndGlobalSection
	GlobalSection(ProjectConfigurationPlatforms) = postSolution
		{A5A021B6-E680-46EA-A601-1271EB6D6B88}.Debug|Any CPU.ActiveCfg = Debug|Any CPU
		{A5A021B6-E680-46EA-A601-1271EB6D6B88}.Debug|Any CPU.Build.0 = Debug|Any CPU
		{A5A021B6-E680-46EA-A601-1271EB6D6B88}.Release|Any CPU.ActiveCfg = Release|Any CPU
		{A5A021B6-E680-46EA-A601-1271EB6D6B88}.Release|Any CPU.Build.0 = Release|Any CPU
		{1CDE2378-184E-4353-BE6F-14E5BA7DFFCC}.Debug|Any CPU.ActiveCfg = Debug|Any CPU
		{1CDE2378-184E-4353-BE6F-14E5BA7DFFCC}.Debug|Any CPU.Build.0 = Debug|Any CPU
		{1CDE2378-184E-4353-BE6F-14E5BA7DFFCC}.Release|Any CPU.ActiveCfg = Release|Any CPU
		{1CDE2378-184E-4353-BE6F-14E5BA7DFFCC}.Release|Any CPU.Build.0 = Release|Any CPU
		{3746D7D2-F60C-47AF-A0F7-091E753AF1F0}.Debug|Any CPU.ActiveCfg = Debug|Any CPU
		{3746D7D2-F60C-47AF-A0F7-091E753AF1F0}.Debug|Any CPU.Build.0 = Debug|Any CPU
		{3746D7D2-F60C-47AF-A0F7-091E753AF1F0}.Release|Any CPU.ActiveCfg = Release|Any CPU
		{3746D7D2-F60C-47AF-A0F7-091E753AF1F0}.Release|Any CPU.Build.0 = Release|Any CPU
	EndGlobalSection
	GlobalSection(SolutionProperties) = preSolution
		HideSolutionNode = FALSE
	EndGlobalSection
	GlobalSection(ExtensibilityGlobals) = postSolution
		SolutionGuid = {01EB457E-2038-48A2-857E-BA4871A03E57}
	EndGlobalSection
EndGlobal
